<?xml version="1.0" encoding="utf-8"?>
<Project ToolsVersion="4.0" xmlns="http://schemas.microsoft.com/developer/msbuild/2003">
  <ItemGroup>
    <Filter Include="Source Files">
      <UniqueIdentifier>{4FC737F1-C7A5-4376-A066-2A32D752A2FF}</UniqueIdentifier>
      <Extensions>cpp;c;cc;cxx;def;odl;idl;hpj;bat;asm;asmx</Extensions>
    </Filter>
    <Filter Include="Header Files">
      <UniqueIdentifier>{93995380-89BD-4b04-88EB-625FBE52EBFB}</UniqueIdentifier>
      <Extensions>h;hpp;hxx;hm;inl;inc;xsd</Extensions>
    </Filter>
    <Filter Include="Resource Files">
      <UniqueIdentifier>{67DA6AB6-F800-4c08-8B7A-83BB121AAD01}</UniqueIdentifier>
      <Extensions>rc;ico;cur;bmp;dlg;rc2;rct;bin;rgs;gif;jpg;jpeg;jpe;resx;tiff;tif;png;wav;mfcribbon-ms</Extensions>
    </Filter>
    <Filter Include="Resource Files\Datasets">
      <UniqueIdentifier>{8d94beef-d8a2-446e-be70-7905e6b060b7}</UniqueIdentifier>
    </Filter>
    <Filter Include="Resource Files\Properties">
      <UniqueIdentifier>{06e9a5e1-5eb7-47b3-a0f5-b60862f56f04}</UniqueIdentifier>
    </Filter>
  </ItemGroup>
  <ItemGroup>
    <ClInclude Include="stdafx.h">
      <Filter>Header Files</Filter>
    </ClInclude>
    <ClInclude Include="targetver.h">
      <Filter>Header Files</Filter>
    </ClInclude>
  </ItemGroup>
  <ItemGroup>
    <ClCompile Include="stdafx.cpp">
      <Filter>Source Files</Filter>
    </ClCompile>
    <ClCompile Include="ClassifierTest.cpp">
      <Filter>Source Files</Filter>
    </ClCompile>
    <ClCompile Include="DistanceCalculationTest.cpp">
      <Filter>Source Files</Filter>
    </ClCompile>
    <ClCompile Include="SampleTest.cpp">
      <Filter>Source Files</Filter>
    </ClCompile>
    <ClCompile Include="SampleSetTest.cpp">
      <Filter>Source Files</Filter>
    </ClCompile>
    <ClCompile Include="MemoryAllocationTest.cpp">
      <Filter>Source Files</Filter>
    </ClCompile>
  </ItemGroup>
  <ItemGroup>
    <Text Include="..\Datasets\ftest01.txt">
      <Filter>Resource Files\Datasets</Filter>
    </Text>
    <Text Include="..\Datasets\ftest02.txt">
      <Filter>Resource Files\Datasets</Filter>
    </Text>
    <Text Include="..\Datasets\ftrain01.txt">
      <Filter>Resource Files\Datasets</Filter>
    </Text>
    <Text Include="..\Datasets\ftrain02.txt">
      <Filter>Resource Files\Datasets</Filter>
    </Text>
  </ItemGroup>
  <ItemGroup>
    <None Include="..\Properties\test.properties">
      <Filter>Resource Files\Properties</Filter>
    </None>
  </ItemGroup>
</Project>