<?xml version="1.0" encoding="utf-8"?>
<Project ToolsVersion="4.0" xmlns="http://schemas.microsoft.com/developer/msbuild/2003">
  <ItemGroup>
    <Filter Include="Source Files">
      <UniqueIdentifier>{4FC737F1-C7A5-4376-A066-2A32D752A2FF}</UniqueIdentifier>
      <Extensions>cpp;c;cc;cxx;def;odl;idl;hpj;bat;asm;asmx</Extensions>
    </Filter>
    <Filter Include="Header Files">
      <UniqueIdentifier>{93995380-89BD-4b04-88EB-625FBE52EBFB}</UniqueIdentifier>
      <Extensions>h;hpp;hxx;hm;inl;inc;xsd</Extensions>
    </Filter>
    <Filter Include="Resource Files">
      <UniqueIdentifier>{67DA6AB6-F800-4c08-8B7A-83BB121AAD01}</UniqueIdentifier>
      <Extensions>rc;ico;cur;bmp;dlg;rc2;rct;bin;rgs;gif;jpg;jpeg;jpe;resx;tiff;tif;png;wav;mfcribbon-ms</Extensions>
    </Filter>
    <Filter Include="Header Files\Classifiers">
      <UniqueIdentifier>{93021a8a-72be-4177-a5ad-0b51c2dbf2c3}</UniqueIdentifier>
    </Filter>
    <Filter Include="Header Files\Utility">
      <UniqueIdentifier>{7f190df9-0022-4d66-9038-276c19a5c6fb}</UniqueIdentifier>
    </Filter>
    <Filter Include="Header Files\Common">
      <UniqueIdentifier>{6a983cf7-a10b-472c-a021-ae0b0d43663e}</UniqueIdentifier>
    </Filter>
    <Filter Include="Source Files\Classifiers">
      <UniqueIdentifier>{eaf45fa3-8692-440c-8302-edaff4b22586}</UniqueIdentifier>
    </Filter>
    <Filter Include="Source Files\Common">
      <UniqueIdentifier>{4cf958b8-6cca-4ada-b11f-b389e65dc4ea}</UniqueIdentifier>
    </Filter>
    <Filter Include="Source Files\Utility">
      <UniqueIdentifier>{4eab0bb5-bd2e-47b4-a985-7c9f8c8638a5}</UniqueIdentifier>
    </Filter>
  </ItemGroup>
  <ItemGroup>
    <ClInclude Include="common\common.h">
      <Filter>Header Files\Common</Filter>
    </ClInclude>
    <ClInclude Include="common\distance.h">
      <Filter>Header Files\Common</Filter>
    </ClInclude>
    <ClInclude Include="common\distance_calculation.h">
      <Filter>Header Files\Common</Filter>
    </ClInclude>
    <ClInclude Include="common\sample.h">
      <Filter>Header Files\Common</Filter>
    </ClInclude>
    <ClInclude Include="common\sampleset.h">
      <Filter>Header Files\Common</Filter>
    </ClInclude>
    <ClInclude Include="classifiers\seq_k-ncn.h">
      <Filter>Header Files\Classifiers</Filter>
    </ClInclude>
    <ClInclude Include="utility\sse_util.h">
      <Filter>Header Files\Utility</Filter>
    </ClInclude>
    <ClInclude Include="utility\util.h">
      <Filter>Header Files\Utility</Filter>
    </ClInclude>
    <ClInclude Include="utility\config.h">
      <Filter>Header Files\Utility</Filter>
    </ClInclude>
  </ItemGroup>
  <ItemGroup>
    <ClCompile Include="main.cpp">
      <Filter>Source Files</Filter>
    </ClCompile>
    <ClCompile Include="common\distance_calculation.cpp">
      <Filter>Source Files\Common</Filter>
    </ClCompile>
    <ClCompile Include="common\sample.cpp">
      <Filter>Source Files\Common</Filter>
    </ClCompile>
    <ClCompile Include="common\sampleset .cpp">
      <Filter>Source Files\Common</Filter>
    </ClCompile>
    <ClCompile Include="utility\util.cpp">
      <Filter>Source Files\Utility</Filter>
    </ClCompile>
  </ItemGroup>
</Project>